
Microsoft Visual Studio Solution File, Format Version 12.00
# Visual Studio 15
VisualStudioVersion = 15.0.28010.2036
MinimumVisualStudioVersion = 10.0.40219.1
Project("{FAE04EC0-301F-11D3-BF4B-00C04F79EFBC}") = "AngelLib", "AngelLib\AngelLib.csproj", "{890580FB-69B1-4FBB-8BEF-A1794E6BBEDB}"
EndProject
Project("{FAE04EC0-301F-11D3-BF4B-00C04F79EFBC}") = "LinkServer", "LinkServer\LinkServer.csproj", "{624B7E6F-1C1C-4CA2-AF44-1734FE0D218B}"
EndProject
Global
	GlobalSection(SolutionConfigurationPlatforms) = preSolution
		Debug|Any CPU = Debug|Any CPU
		Release|Any CPU = Release|Any CPU
	EndGlobalSection
	GlobalSection(ProjectConfigurationPlatforms) = postSolution
		{890580FB-69B1-4FBB-8BEF-A1794E6BBEDB}.Debug|Any CPU.ActiveCfg = Debug|Any CPU
		{890580FB-69B1-4FBB-8BEF-A1794E6BBEDB}.Debug|Any CPU.Build.0 = Debug|Any CPU
		{890580FB-69B1-4FBB-8BEF-A1794E6BBEDB}.Release|Any CPU.ActiveCfg = Release|Any CPU
		{890580FB-69B1-4FBB-8BEF-A1794E6BBEDB}.Release|Any CPU.Build.0 = Release|Any CPU
		{624B7E6F-1C1C-4CA2-AF44-1734FE0D218B}.Debug|Any CPU.ActiveCfg = Debug|Any CPU
		{624B7E6F-1C1C-4CA2-AF44-1734FE0D218B}.Debug|Any CPU.Build.0 = Debug|Any CPU
		{624B7E6F-1C1C-4CA2-AF44-1734FE0D218B}.Release|Any CPU.ActiveCfg = Release|Any CPU
		{624B7E6F-1C1C-4CA2-AF44-1734FE0D218B}.Release|Any CPU.Build.0 = Release|Any CPU
	EndGlobalSection
	GlobalSection(SolutionProperties) = preSolution
		HideSolutionNode = FALSE
	EndGlobalSection
	GlobalSection(ExtensibilityGlobals) = postSolution
		SolutionGuid = {C917508C-52CF-4A02-B448-925175B195DA}
	EndGlobalSection
EndGlobal
